
Microsoft Visual Studio Solution File, Format Version 12.00
# Visual Studio Version 17
VisualStudioVersion = 17.5.33530.505
MinimumVisualStudioVersion = 10.0.40219.1
Project("{FAE04EC0-301F-11D3-BF4B-00C04F79EFBC}") = "PruebaEntityApi.Vista", "PruebaEntityApi.Vista\PruebaEntityApi.Vista.csproj", "{3C0F5EF1-0C24-4917-A9C7-22E95A21B070}"
EndProject
Global
	GlobalSection(SolutionConfigurationPlatforms) = preSolution
		Debug|Any CPU = Debug|Any CPU
		Release|Any CPU = Release|Any CPU
	EndGlobalSection
	GlobalSection(ProjectConfigurationPlatforms) = postSolution
		{3C0F5EF1-0C24-4917-A9C7-22E95A21B070}.Debug|Any CPU.ActiveCfg = Debug|Any CPU
		{3C0F5EF1-0C24-4917-A9C7-22E95A21B070}.Debug|Any CPU.Build.0 = Debug|Any CPU
		{3C0F5EF1-0C24-4917-A9C7-22E95A21B070}.Release|Any CPU.ActiveCfg = Release|Any CPU
		{3C0F5EF1-0C24-4917-A9C7-22E95A21B070}.Release|Any CPU.Build.0 = Release|Any CPU
	EndGlobalSection
	GlobalSection(SolutionProperties) = preSolution
		HideSolutionNode = FALSE
	EndGlobalSection
	GlobalSection(ExtensibilityGlobals) = postSolution
		SolutionGuid = {98FA35CD-7D1F-4F8E-994B-CBCD278108DD}
	EndGlobalSection
EndGlobal
